
Microsoft Visual Studio Solution File, Format Version 12.00
# Visual Studio 2012
Project("{FAE04EC0-301F-11D3-BF4B-00C04F79EFBC}") = "MealsPracticum", "MealsPracticum\MealsPracticum.csproj", "{7F8DAC40-D45A-4B5A-BA39-475C4BE6AF6F}"
EndProject
Project("{FAE04EC0-301F-11D3-BF4B-00C04F79EFBC}") = "MealsTest", "MealsTest\MealsTest.csproj", "{3323D85C-FB5A-4446-BC53-54ED0A689AC7}"
EndProject
Global
	GlobalSection(SolutionConfigurationPlatforms) = preSolution
		Debug|Any CPU = Debug|Any CPU
		Release|Any CPU = Release|Any CPU
	EndGlobalSection
	GlobalSection(ProjectConfigurationPlatforms) = postSolution
		{7F8DAC40-D45A-4B5A-BA39-475C4BE6AF6F}.Debug|Any CPU.ActiveCfg = Debug|Any CPU
		{7F8DAC40-D45A-4B5A-BA39-475C4BE6AF6F}.Debug|Any CPU.Build.0 = Debug|Any CPU
		{7F8DAC40-D45A-4B5A-BA39-475C4BE6AF6F}.Release|Any CPU.ActiveCfg = Release|Any CPU
		{7F8DAC40-D45A-4B5A-BA39-475C4BE6AF6F}.Release|Any CPU.Build.0 = Release|Any CPU
		{3323D85C-FB5A-4446-BC53-54ED0A689AC7}.Debug|Any CPU.ActiveCfg = Debug|Any CPU
		{3323D85C-FB5A-4446-BC53-54ED0A689AC7}.Debug|Any CPU.Build.0 = Debug|Any CPU
		{3323D85C-FB5A-4446-BC53-54ED0A689AC7}.Release|Any CPU.ActiveCfg = Release|Any CPU
		{3323D85C-FB5A-4446-BC53-54ED0A689AC7}.Release|Any CPU.Build.0 = Release|Any CPU
	EndGlobalSection
	GlobalSection(SolutionProperties) = preSolution
		HideSolutionNode = FALSE
	EndGlobalSection
EndGlobal
